
Microsoft Visual Studio Solution File, Format Version 12.00
# Visual Studio 14
VisualStudioVersion = 14.0.25420.1
MinimumVisualStudioVersion = 10.0.40219.1
Project("{FAE04EC0-301F-11D3-BF4B-00C04F79EFBC}") = "WCF-Generator", "WCF-Generator\WCF-Generator.csproj", "{AEB81C25-77E8-44B0-B820-DC88B86F74B3}"
EndProject
Project("{FAE04EC0-301F-11D3-BF4B-00C04F79EFBC}") = "TestRepositoryGeneration", "Sandbox\TestRepositoryGeneration\TestRepositoryGeneration.csproj", "{D17E53C7-1F38-45AE-A715-649DB73735B5}"
EndProject
Global
	GlobalSection(SolutionConfigurationPlatforms) = preSolution
		Debug|Any CPU = Debug|Any CPU
		Release|Any CPU = Release|Any CPU
	EndGlobalSection
	GlobalSection(ProjectConfigurationPlatforms) = postSolution
		{AEB81C25-77E8-44B0-B820-DC88B86F74B3}.Debug|Any CPU.ActiveCfg = Debug|Any CPU
		{AEB81C25-77E8-44B0-B820-DC88B86F74B3}.Debug|Any CPU.Build.0 = Debug|Any CPU
		{AEB81C25-77E8-44B0-B820-DC88B86F74B3}.Release|Any CPU.ActiveCfg = Release|Any CPU
		{AEB81C25-77E8-44B0-B820-DC88B86F74B3}.Release|Any CPU.Build.0 = Release|Any CPU
		{D17E53C7-1F38-45AE-A715-649DB73735B5}.Debug|Any CPU.ActiveCfg = Debug|Any CPU
		{D17E53C7-1F38-45AE-A715-649DB73735B5}.Debug|Any CPU.Build.0 = Debug|Any CPU
		{D17E53C7-1F38-45AE-A715-649DB73735B5}.Release|Any CPU.ActiveCfg = Release|Any CPU
		{D17E53C7-1F38-45AE-A715-649DB73735B5}.Release|Any CPU.Build.0 = Release|Any CPU
	EndGlobalSection
	GlobalSection(SolutionProperties) = preSolution
		HideSolutionNode = FALSE
	EndGlobalSection
EndGlobal
