
Microsoft Visual Studio Solution File, Format Version 12.00
# Visual Studio Version 16
VisualStudioVersion = 16.0.29609.76
MinimumVisualStudioVersion = 10.0.40219.1
Project("{FAE04EC0-301F-11D3-BF4B-00C04F79EFBC}") = "WCF-Generator", "WCF-Generator\WCF-Generator.csproj", "{AEB81C25-77E8-44B0-B820-DC88B86F74B3}"
EndProject
Project("{FAE04EC0-301F-11D3-BF4B-00C04F79EFBC}") = "TestRepositoryGeneration", "Sandbox\TestRepositoryGeneration\TestRepositoryGeneration.csproj", "{D17E53C7-1F38-45AE-A715-649DB73735B5}"
	ProjectSection(ProjectDependencies) = postProject
		{AEB81C25-77E8-44B0-B820-DC88B86F74B3} = {AEB81C25-77E8-44B0-B820-DC88B86F74B3}
	EndProjectSection
EndProject
Project("{2150E333-8FDC-42A3-9474-1A3956D46DE8}") = "Solution Items", "Solution Items", "{E80D3D4A-AFFA-4AD1-BD2D-18448FE024A9}"
	ProjectSection(SolutionItems) = preProject
		copy_binaries.bat = copy_binaries.bat
		generation.bat = generation.bat
		README.txt = README.txt
		WCF-Generator.exe.config = WCF-Generator.exe.config
	EndProjectSection
EndProject
Project("{FAE04EC0-301F-11D3-BF4B-00C04F79EFBC}") = "TestDecoratorGeneration", "Sandbox\TestDecoratorGeneration\TestDecoratorGeneration.csproj", "{FB48311B-6ACA-4E29-8108-5B69051DC904}"
	ProjectSection(ProjectDependencies) = postProject
		{AEB81C25-77E8-44B0-B820-DC88B86F74B3} = {AEB81C25-77E8-44B0-B820-DC88B86F74B3}
	EndProjectSection
EndProject
Project("{FAE04EC0-301F-11D3-BF4B-00C04F79EFBC}") = "TestSerializationGeneration", "Sandbox\TestSerializationGeneration\TestSerializationGeneration.csproj", "{C72F1B27-79FF-4B0B-AD55-B53591736E36}"
	ProjectSection(ProjectDependencies) = postProject
		{AEB81C25-77E8-44B0-B820-DC88B86F74B3} = {AEB81C25-77E8-44B0-B820-DC88B86F74B3}
	EndProjectSection
EndProject
Project("{9A19103F-16F7-4668-BE54-9A1E7A4F7556}") = "TestMappingGeneration", "Sandbox\TestMappingGeneration\TestMappingGeneration.csproj", "{88F379B9-54BF-4815-B339-7C11C82D2713}"
EndProject
Project("{9A19103F-16F7-4668-BE54-9A1E7A4F7556}") = "TestMappingGenerationDtos", "Sandbox\TestMappingGenerationDtos\TestMappingGenerationDtos.csproj", "{A9559841-3DE1-40CD-BE54-6F282F10267C}"
EndProject
Project("{FAE04EC0-301F-11D3-BF4B-00C04F79EFBC}") = "TestWcfClientGenerator", "Sandbox\TestWcfClientGenerator\TestWcfClientGenerator.csproj", "{FB211393-FFE7-428C-AB3F-65D243CA5A5A}"
EndProject
Project("{9A19103F-16F7-4668-BE54-9A1E7A4F7556}") = "TestResponseDtoGeneration", "Sandbox\TestResponseDtoGeneration\TestResponseDtoGeneration.csproj", "{D35230CF-4E52-4FCD-9813-9347D766D788}"
EndProject
Project("{2150E333-8FDC-42A3-9474-1A3956D46DE8}") = "Tests", "Tests", "{6AA6E4C6-1534-49DF-B506-1427A26280EF}"
EndProject
Project("{2150E333-8FDC-42A3-9474-1A3956D46DE8}") = "Shared", "Shared", "{8E454B27-A601-4AB9-9D9D-E264AA0D09AD}"
EndProject
Project("{FAE04EC0-301F-11D3-BF4B-00C04F79EFBC}") = "Generator.Repository.Infrastructure", "Generator.Repository.Infrastructure\Generator.Repository.Infrastructure.csproj", "{59640535-56C8-4106-A48C-0B2411C33E59}"
EndProject
Global
	GlobalSection(SolutionConfigurationPlatforms) = preSolution
		Debug|Any CPU = Debug|Any CPU
		Release|Any CPU = Release|Any CPU
	EndGlobalSection
	GlobalSection(ProjectConfigurationPlatforms) = postSolution
		{AEB81C25-77E8-44B0-B820-DC88B86F74B3}.Debug|Any CPU.ActiveCfg = Debug|Any CPU
		{AEB81C25-77E8-44B0-B820-DC88B86F74B3}.Debug|Any CPU.Build.0 = Debug|Any CPU
		{AEB81C25-77E8-44B0-B820-DC88B86F74B3}.Release|Any CPU.ActiveCfg = Release|Any CPU
		{AEB81C25-77E8-44B0-B820-DC88B86F74B3}.Release|Any CPU.Build.0 = Release|Any CPU
		{D17E53C7-1F38-45AE-A715-649DB73735B5}.Debug|Any CPU.ActiveCfg = Debug|Any CPU
		{D17E53C7-1F38-45AE-A715-649DB73735B5}.Debug|Any CPU.Build.0 = Debug|Any CPU
		{D17E53C7-1F38-45AE-A715-649DB73735B5}.Release|Any CPU.ActiveCfg = Release|Any CPU
		{FB48311B-6ACA-4E29-8108-5B69051DC904}.Debug|Any CPU.ActiveCfg = Debug|Any CPU
		{FB48311B-6ACA-4E29-8108-5B69051DC904}.Debug|Any CPU.Build.0 = Debug|Any CPU
		{FB48311B-6ACA-4E29-8108-5B69051DC904}.Release|Any CPU.ActiveCfg = Release|Any CPU
		{FB48311B-6ACA-4E29-8108-5B69051DC904}.Release|Any CPU.Build.0 = Release|Any CPU
		{C72F1B27-79FF-4B0B-AD55-B53591736E36}.Debug|Any CPU.ActiveCfg = Debug|Any CPU
		{C72F1B27-79FF-4B0B-AD55-B53591736E36}.Debug|Any CPU.Build.0 = Debug|Any CPU
		{C72F1B27-79FF-4B0B-AD55-B53591736E36}.Release|Any CPU.ActiveCfg = Release|Any CPU
		{C72F1B27-79FF-4B0B-AD55-B53591736E36}.Release|Any CPU.Build.0 = Release|Any CPU
		{88F379B9-54BF-4815-B339-7C11C82D2713}.Debug|Any CPU.ActiveCfg = Debug|Any CPU
		{88F379B9-54BF-4815-B339-7C11C82D2713}.Debug|Any CPU.Build.0 = Debug|Any CPU
		{88F379B9-54BF-4815-B339-7C11C82D2713}.Release|Any CPU.ActiveCfg = Release|Any CPU
		{88F379B9-54BF-4815-B339-7C11C82D2713}.Release|Any CPU.Build.0 = Release|Any CPU
		{A9559841-3DE1-40CD-BE54-6F282F10267C}.Debug|Any CPU.ActiveCfg = Debug|Any CPU
		{A9559841-3DE1-40CD-BE54-6F282F10267C}.Debug|Any CPU.Build.0 = Debug|Any CPU
		{A9559841-3DE1-40CD-BE54-6F282F10267C}.Release|Any CPU.ActiveCfg = Release|Any CPU
		{A9559841-3DE1-40CD-BE54-6F282F10267C}.Release|Any CPU.Build.0 = Release|Any CPU
		{FB211393-FFE7-428C-AB3F-65D243CA5A5A}.Debug|Any CPU.ActiveCfg = Debug|Any CPU
		{FB211393-FFE7-428C-AB3F-65D243CA5A5A}.Debug|Any CPU.Build.0 = Debug|Any CPU
		{FB211393-FFE7-428C-AB3F-65D243CA5A5A}.Release|Any CPU.ActiveCfg = Release|Any CPU
		{FB211393-FFE7-428C-AB3F-65D243CA5A5A}.Release|Any CPU.Build.0 = Release|Any CPU
		{D35230CF-4E52-4FCD-9813-9347D766D788}.Debug|Any CPU.ActiveCfg = Debug|Any CPU
		{D35230CF-4E52-4FCD-9813-9347D766D788}.Debug|Any CPU.Build.0 = Debug|Any CPU
		{D35230CF-4E52-4FCD-9813-9347D766D788}.Release|Any CPU.ActiveCfg = Release|Any CPU
		{D35230CF-4E52-4FCD-9813-9347D766D788}.Release|Any CPU.Build.0 = Release|Any CPU
		{59640535-56C8-4106-A48C-0B2411C33E59}.Debug|Any CPU.ActiveCfg = Debug|Any CPU
		{59640535-56C8-4106-A48C-0B2411C33E59}.Debug|Any CPU.Build.0 = Debug|Any CPU
		{59640535-56C8-4106-A48C-0B2411C33E59}.Release|Any CPU.ActiveCfg = Release|Any CPU
		{59640535-56C8-4106-A48C-0B2411C33E59}.Release|Any CPU.Build.0 = Release|Any CPU
	EndGlobalSection
	GlobalSection(SolutionProperties) = preSolution
		HideSolutionNode = FALSE
	EndGlobalSection
	GlobalSection(NestedProjects) = preSolution
		{D17E53C7-1F38-45AE-A715-649DB73735B5} = {6AA6E4C6-1534-49DF-B506-1427A26280EF}
		{FB48311B-6ACA-4E29-8108-5B69051DC904} = {6AA6E4C6-1534-49DF-B506-1427A26280EF}
		{C72F1B27-79FF-4B0B-AD55-B53591736E36} = {6AA6E4C6-1534-49DF-B506-1427A26280EF}
		{88F379B9-54BF-4815-B339-7C11C82D2713} = {6AA6E4C6-1534-49DF-B506-1427A26280EF}
		{A9559841-3DE1-40CD-BE54-6F282F10267C} = {6AA6E4C6-1534-49DF-B506-1427A26280EF}
		{FB211393-FFE7-428C-AB3F-65D243CA5A5A} = {6AA6E4C6-1534-49DF-B506-1427A26280EF}
		{D35230CF-4E52-4FCD-9813-9347D766D788} = {6AA6E4C6-1534-49DF-B506-1427A26280EF}
		{59640535-56C8-4106-A48C-0B2411C33E59} = {8E454B27-A601-4AB9-9D9D-E264AA0D09AD}
	EndGlobalSection
	GlobalSection(ExtensibilityGlobals) = postSolution
		SolutionGuid = {2CD94D92-E04C-4141-994B-50C9899F2480}
	EndGlobalSection
EndGlobal
